
Microsoft Visual Studio Solution File, Format Version 12.00
# Visual Studio 14
VisualStudioVersion = 14.0.24720.0
MinimumVisualStudioVersion = 10.0.40219.1
Project("{FAE04EC0-301F-11D3-BF4B-00C04F79EFBC}") = "ProjectSarah", "ProjectSarah\ProjectSarah.csproj", "{8225D5A6-81D7-4BD4-88B7-CAF0D53BF0FA}"
EndProject
Global
	GlobalSection(SolutionConfigurationPlatforms) = preSolution
		Debug|Any CPU = Debug|Any CPU
		Release|Any CPU = Release|Any CPU
	EndGlobalSection
	GlobalSection(ProjectConfigurationPlatforms) = postSolution
		{8225D5A6-81D7-4BD4-88B7-CAF0D53BF0FA}.Debug|Any CPU.ActiveCfg = Debug|Any CPU
		{8225D5A6-81D7-4BD4-88B7-CAF0D53BF0FA}.Debug|Any CPU.Build.0 = Debug|Any CPU
		{8225D5A6-81D7-4BD4-88B7-CAF0D53BF0FA}.Release|Any CPU.ActiveCfg = Release|Any CPU
		{8225D5A6-81D7-4BD4-88B7-CAF0D53BF0FA}.Release|Any CPU.Build.0 = Release|Any CPU
	EndGlobalSection
	GlobalSection(SolutionProperties) = preSolution
		HideSolutionNode = FALSE
	EndGlobalSection
EndGlobal
